
Microsoft Visual Studio Solution File, Format Version 12.00
# Visual Studio Version 17
VisualStudioVersion = 17.14.36915.13 d17.14
MinimumVisualStudioVersion = 10.0.40219.1
Project("{FAE04EC0-301F-11D3-BF4B-00C04F79EFBC}") = "G-NET-18-ADV03", "G-NET-18-ADV03\G-NET-18-ADV03.csproj", "{F2E0D6F5-E225-4A1E-BCF3-139574656F6D}"
EndProject
Global
	GlobalSection(SolutionConfigurationPlatforms) = preSolution
		Debug|Any CPU = Debug|Any CPU
		Release|Any CPU = Release|Any CPU
	EndGlobalSection
	GlobalSection(ProjectConfigurationPlatforms) = postSolution
		{F2E0D6F5-E225-4A1E-BCF3-139574656F6D}.Debug|Any CPU.ActiveCfg = Debug|Any CPU
		{F2E0D6F5-E225-4A1E-BCF3-139574656F6D}.Debug|Any CPU.Build.0 = Debug|Any CPU
		{F2E0D6F5-E225-4A1E-BCF3-139574656F6D}.Release|Any CPU.ActiveCfg = Release|Any CPU
		{F2E0D6F5-E225-4A1E-BCF3-139574656F6D}.Release|Any CPU.Build.0 = Release|Any CPU
	EndGlobalSection
	GlobalSection(SolutionProperties) = preSolution
		HideSolutionNode = FALSE
	EndGlobalSection
	GlobalSection(ExtensibilityGlobals) = postSolution
		SolutionGuid = {281AC1ED-2C97-4E89-A667-BAB9382DCE7A}
	EndGlobalSection
EndGlobal
